# THIS IS AN AUTOGENERATED FILE. DO NOT EDIT THIS FILE DIRECTLY.
# yarn lockfile v1


"@types/node@^18.11.17":
  version "18.11.17"
  resolved "https://registry.npmjs.org/@types/node/-/node-18.11.17.tgz#5c009e1d9c38f4a2a9d45c0b0c493fe6cdb4bcb5"
  integrity sha512-HJSUJmni4BeDHhfzn6nF0sVmd1SMezP7/4F0Lq+aXzmp2xm9O7WXrUtHW/CHlYVtZUbByEvWidHqRtcJXGF2Ng==

"@types/ua-parser-js@^0.7.36":
  version "0.7.36"
  resolved "https://registry.npmjs.org/@types/ua-parser-js/-/ua-parser-js-0.7.36.tgz#9bd0b47f26b5a3151be21ba4ce9f5fa457c5f190"
  integrity sha512-N1rW+njavs70y2cApeIw1vLMYXRwfBy+7trgavGuuTfOd7j1Yh7QTRc/yqsPl6ncokt72ZXuxEU0PiCp9bSwNQ==

"@types/uuid@8.3.2":
  version "8.3.2"
  resolved "https://registry.npmjs.org/@types/uuid/-/uuid-8.3.2.tgz#b7077bdfc866dbb39939029774806f24e95be791"
  integrity sha512-u40ViizKDmdl5FhOXn9WQbulpigYCaiD5hD4KqR3xyQww6l3+0ND+A9TeFla8tFpqvR+UAkJdYb/8jdaQG4/nw==

rpc-shooter@^0.0.14:
  version "0.0.14"
  resolved "https://registry.npmjs.org/rpc-shooter/-/rpc-shooter-0.0.14.tgz#30f69418b796063b8a34097fa098d0edde39a554"
  integrity sha512-cttCZBA7ZvpCDw/Tem+EKQ5RK2SEoVgzoTZOxNCj5K4dfqGLoyo27ZPf90vWpSf5KExCN5Lz1EXRvprAbTGLHQ==

typescript@^4.9.4:
  version "4.9.4"
  resolved "https://registry.npmjs.org/typescript/-/typescript-4.9.4.tgz#a2a3d2756c079abda241d75f149df9d561091e78"
  integrity sha512-Uz+dTXYzxXXbsFpM86Wh3dKCxrQqUcVMxwU54orwlJjOpO3ao8L7j5lH+dWfTwgCwIuM9GQ2kvVotzYJMXTBZg==

ua-parser-js@^1.0.32:
  version "1.0.32"
  resolved "https://registry.npmjs.org/ua-parser-js/-/ua-parser-js-1.0.32.tgz#786bf17df97de159d5b1c9d5e8e9e89806f8a030"
  integrity sha512-dXVsz3M4j+5tTiovFVyVqssXBu5HM47//YSOeZ9fQkdDKkfzv2v3PP1jmH6FUyPW+yCSn7aBVK1fGGKNhowdDA==

uuid@8.3.2:
  version "8.3.2"
  resolved "https://registry.npmjs.org/uuid/-/uuid-8.3.2.tgz#80d5b5ced271bb9af6c445f21a1a04c606cefbe2"
  integrity sha512-+NYs2QeMWy+GWFOEm9xnn6HCDp0l7QBD7ml8zLUmJ+93Q5NF0NocErnwkTkXVFNiX3/fpC6afS8Dhb/gz7R7eg==
